
Microsoft Visual Studio Solution File, Format Version 12.00
# Visual Studio Version 17
VisualStudioVersion = 17.4.33213.308
MinimumVisualStudioVersion = 10.0.40219.1
Project("{FAE04EC0-301F-11D3-BF4B-00C04F79EFBC}") = "1268", "1268\1268.csproj", "{C08D1017-75C8-4C62-96C5-318102146758}"
EndProject
Global
	GlobalSection(SolutionConfigurationPlatforms) = preSolution
		Debug|Any CPU = Debug|Any CPU
		Release|Any CPU = Release|Any CPU
	EndGlobalSection
	GlobalSection(ProjectConfigurationPlatforms) = postSolution
		{C08D1017-75C8-4C62-96C5-318102146758}.Debug|Any CPU.ActiveCfg = Debug|Any CPU
		{C08D1017-75C8-4C62-96C5-318102146758}.Debug|Any CPU.Build.0 = Debug|Any CPU
		{C08D1017-75C8-4C62-96C5-318102146758}.Release|Any CPU.ActiveCfg = Release|Any CPU
		{C08D1017-75C8-4C62-96C5-318102146758}.Release|Any CPU.Build.0 = Release|Any CPU
	EndGlobalSection
	GlobalSection(SolutionProperties) = preSolution
		HideSolutionNode = FALSE
	EndGlobalSection
	GlobalSection(ExtensibilityGlobals) = postSolution
		SolutionGuid = {B29D928A-09D0-4319-AA46-61C088DCED05}
	EndGlobalSection
EndGlobal
